
Microsoft Visual Studio Solution File, Format Version 12.00
# Visual Studio Version 17
VisualStudioVersion = 17.0.31903.59
MinimumVisualStudioVersion = 10.0.40219.1
Project("{FAE04EC0-301F-11D3-BF4B-00C04F79EFBC}") = "Catalog.Api", "src\Catalog.Api\Catalog.Api.csproj", "{E579C0C8-1060-4349-A97C-18F0EDA64529}"
EndProject
Project("{FAE04EC0-301F-11D3-BF4B-00C04F79EFBC}") = "Booking.Api", "src\Booking.Api\Booking.Api.csproj", "{B08354D1-F01E-497A-9162-9B343CBFB4DF}"
EndProject
Project("{2150E333-8FDC-42A3-9474-1A3956D46DE8}") = "tests", "tests", "{0AB3BF05-4346-4AA6-1389-037BE0695223}"
EndProject
Project("{FAE04EC0-301F-11D3-BF4B-00C04F79EFBC}") = "Catalog.Api.Tests", "tests\Catalog.Api.Tests\Catalog.Api.Tests.csproj", "{B43791F9-4356-4F64-BA93-B1486DCF332D}"
EndProject
Project("{2150E333-8FDC-42A3-9474-1A3956D46DE8}") = "src", "src", "{827E0CD3-B72D-47B6-A68D-7590B98EB39B}"
EndProject
Project("{FAE04EC0-301F-11D3-BF4B-00C04F79EFBC}") = "Booking.Api.Tests", "tests\Booking.Api.Tests\Booking.Api.Tests.csproj", "{2E850E6F-9410-4283-995D-B812FDD3EEAD}"
EndProject
Global
	GlobalSection(SolutionConfigurationPlatforms) = preSolution
		Debug|Any CPU = Debug|Any CPU
		Debug|x64 = Debug|x64
		Debug|x86 = Debug|x86
		Release|Any CPU = Release|Any CPU
		Release|x64 = Release|x64
		Release|x86 = Release|x86
	EndGlobalSection
	GlobalSection(ProjectConfigurationPlatforms) = postSolution
		{E579C0C8-1060-4349-A97C-18F0EDA64529}.Debug|Any CPU.ActiveCfg = Debug|Any CPU
		{E579C0C8-1060-4349-A97C-18F0EDA64529}.Debug|Any CPU.Build.0 = Debug|Any CPU
		{E579C0C8-1060-4349-A97C-18F0EDA64529}.Debug|x64.ActiveCfg = Debug|Any CPU
		{E579C0C8-1060-4349-A97C-18F0EDA64529}.Debug|x64.Build.0 = Debug|Any CPU
		{E579C0C8-1060-4349-A97C-18F0EDA64529}.Debug|x86.ActiveCfg = Debug|Any CPU
		{E579C0C8-1060-4349-A97C-18F0EDA64529}.Debug|x86.Build.0 = Debug|Any CPU
		{E579C0C8-1060-4349-A97C-18F0EDA64529}.Release|Any CPU.ActiveCfg = Release|Any CPU
		{E579C0C8-1060-4349-A97C-18F0EDA64529}.Release|Any CPU.Build.0 = Release|Any CPU
		{E579C0C8-1060-4349-A97C-18F0EDA64529}.Release|x64.ActiveCfg = Release|Any CPU
		{E579C0C8-1060-4349-A97C-18F0EDA64529}.Release|x64.Build.0 = Release|Any CPU
		{E579C0C8-1060-4349-A97C-18F0EDA64529}.Release|x86.ActiveCfg = Release|Any CPU
		{E579C0C8-1060-4349-A97C-18F0EDA64529}.Release|x86.Build.0 = Release|Any CPU
		{B08354D1-F01E-497A-9162-9B343CBFB4DF}.Debug|Any CPU.ActiveCfg = Debug|Any CPU
		{B08354D1-F01E-497A-9162-9B343CBFB4DF}.Debug|Any CPU.Build.0 = Debug|Any CPU
		{B08354D1-F01E-497A-9162-9B343CBFB4DF}.Debug|x64.ActiveCfg = Debug|Any CPU
		{B08354D1-F01E-497A-9162-9B343CBFB4DF}.Debug|x64.Build.0 = Debug|Any CPU
		{B08354D1-F01E-497A-9162-9B343CBFB4DF}.Debug|x86.ActiveCfg = Debug|Any CPU
		{B08354D1-F01E-497A-9162-9B343CBFB4DF}.Debug|x86.Build.0 = Debug|Any CPU
		{B08354D1-F01E-497A-9162-9B343CBFB4DF}.Release|Any CPU.ActiveCfg = Release|Any CPU
		{B08354D1-F01E-497A-9162-9B343CBFB4DF}.Release|Any CPU.Build.0 = Release|Any CPU
		{B08354D1-F01E-497A-9162-9B343CBFB4DF}.Release|x64.ActiveCfg = Release|Any CPU
		{B08354D1-F01E-497A-9162-9B343CBFB4DF}.Release|x64.Build.0 = Release|Any CPU
		{B08354D1-F01E-497A-9162-9B343CBFB4DF}.Release|x86.ActiveCfg = Release|Any CPU
		{B08354D1-F01E-497A-9162-9B343CBFB4DF}.Release|x86.Build.0 = Release|Any CPU
		{B43791F9-4356-4F64-BA93-B1486DCF332D}.Debug|Any CPU.ActiveCfg = Debug|Any CPU
		{B43791F9-4356-4F64-BA93-B1486DCF332D}.Debug|Any CPU.Build.0 = Debug|Any CPU
		{B43791F9-4356-4F64-BA93-B1486DCF332D}.Debug|x64.ActiveCfg = Debug|Any CPU
		{B43791F9-4356-4F64-BA93-B1486DCF332D}.Debug|x64.Build.0 = Debug|Any CPU
		{B43791F9-4356-4F64-BA93-B1486DCF332D}.Debug|x86.ActiveCfg = Debug|Any CPU
		{B43791F9-4356-4F64-BA93-B1486DCF332D}.Debug|x86.Build.0 = Debug|Any CPU
		{B43791F9-4356-4F64-BA93-B1486DCF332D}.Release|Any CPU.ActiveCfg = Release|Any CPU
		{B43791F9-4356-4F64-BA93-B1486DCF332D}.Release|Any CPU.Build.0 = Release|Any CPU
		{B43791F9-4356-4F64-BA93-B1486DCF332D}.Release|x64.ActiveCfg = Release|Any CPU
		{B43791F9-4356-4F64-BA93-B1486DCF332D}.Release|x64.Build.0 = Release|Any CPU
		{B43791F9-4356-4F64-BA93-B1486DCF332D}.Release|x86.ActiveCfg = Release|Any CPU
		{B43791F9-4356-4F64-BA93-B1486DCF332D}.Release|x86.Build.0 = Release|Any CPU
		{2E850E6F-9410-4283-995D-B812FDD3EEAD}.Debug|Any CPU.ActiveCfg = Debug|Any CPU
		{2E850E6F-9410-4283-995D-B812FDD3EEAD}.Debug|Any CPU.Build.0 = Debug|Any CPU
		{2E850E6F-9410-4283-995D-B812FDD3EEAD}.Debug|x64.ActiveCfg = Debug|Any CPU
		{2E850E6F-9410-4283-995D-B812FDD3EEAD}.Debug|x64.Build.0 = Debug|Any CPU
		{2E850E6F-9410-4283-995D-B812FDD3EEAD}.Debug|x86.ActiveCfg = Debug|Any CPU
		{2E850E6F-9410-4283-995D-B812FDD3EEAD}.Debug|x86.Build.0 = Debug|Any CPU
		{2E850E6F-9410-4283-995D-B812FDD3EEAD}.Release|Any CPU.ActiveCfg = Release|Any CPU
		{2E850E6F-9410-4283-995D-B812FDD3EEAD}.Release|Any CPU.Build.0 = Release|Any CPU
		{2E850E6F-9410-4283-995D-B812FDD3EEAD}.Release|x64.ActiveCfg = Release|Any CPU
		{2E850E6F-9410-4283-995D-B812FDD3EEAD}.Release|x64.Build.0 = Release|Any CPU
		{2E850E6F-9410-4283-995D-B812FDD3EEAD}.Release|x86.ActiveCfg = Release|Any CPU
		{2E850E6F-9410-4283-995D-B812FDD3EEAD}.Release|x86.Build.0 = Release|Any CPU
	EndGlobalSection
	GlobalSection(SolutionProperties) = preSolution
		HideSolutionNode = FALSE
	EndGlobalSection
	GlobalSection(NestedProjects) = preSolution
		{B43791F9-4356-4F64-BA93-B1486DCF332D} = {0AB3BF05-4346-4AA6-1389-037BE0695223}
		{2E850E6F-9410-4283-995D-B812FDD3EEAD} = {0AB3BF05-4346-4AA6-1389-037BE0695223}
	EndGlobalSection
EndGlobal
